
Microsoft Visual Studio Solution File, Format Version 12.00
# Visual Studio 2012
Project("{FAE04EC0-301F-11D3-BF4B-00C04F79EFBC}") = "Bug32417", "Bug32417\Bug32417.csproj", "{1C5198B1-45A4-492B-82FF-76A95D1397D0}"
EndProject
Global
	GlobalSection(SolutionConfigurationPlatforms) = preSolution
		Debug|x86 = Debug|x86
		Release|x86 = Release|x86
	EndGlobalSection
	GlobalSection(ProjectConfigurationPlatforms) = postSolution
		{1C5198B1-45A4-492B-82FF-76A95D1397D0}.Debug|x86.ActiveCfg = Debug|x86
		{1C5198B1-45A4-492B-82FF-76A95D1397D0}.Debug|x86.Build.0 = Debug|x86
		{1C5198B1-45A4-492B-82FF-76A95D1397D0}.Release|x86.ActiveCfg = Release|x86
		{1C5198B1-45A4-492B-82FF-76A95D1397D0}.Release|x86.Build.0 = Release|x86
	EndGlobalSection
EndGlobal
